<?xml version="1.0" encoding="utf-8"?>
<Project ToolsVersion="4.0" xmlns="http://schemas.microsoft.com/developer/msbuild/2003">
  <ItemGroup>
    <Filter Include="Source Files">
      <UniqueIdentifier>{4FC737F1-C7A5-4376-A066-2A32D752A2FF}</UniqueIdentifier>
      <Extensions>cpp;c;cc;cxx;def;odl;idl;hpj;bat;asm;asmx</Extensions>
    </Filter>
    <Filter Include="Header Files">
      <UniqueIdentifier>{93995380-89BD-4b04-88EB-625FBE52EBFB}</UniqueIdentifier>
      <Extensions>h;hh;hpp;hxx;hm;inl;inc;xsd</Extensions>
    </Filter>
    <Filter Include="Resource Files">
      <UniqueIdentifier>{67DA6AB6-F800-4c08-8B7A-83BB121AAD01}</UniqueIdentifier>
      <Extensions>rc;ico;cur;bmp;dlg;rc2;rct;bin;rgs;gif;jpg;jpeg;jpe;resx;tiff;tif;png;wav;mfcribbon-ms</Extensions>
    </Filter>
  </ItemGroup>
  <ItemGroup>
    <ClInclude Include="Screen.hpp">
      <Filter>Header Files</Filter>
    </ClInclude>
    <ClInclude Include="User.hpp">
      <Filter>Header Files</Filter>
    </ClInclude>
    <ClInclude Include="Button.hpp">
      <Filter>Header Files</Filter>
    </ClInclude>
    <ClInclude Include="Game.hpp">
      <Filter>Header Files</Filter>
    </ClInclude>
    <ClInclude Include="GraphicsManager.hpp">
      <Filter>Header Files</Filter>
    </ClInclude>
    <ClInclude Include="LoginScreen.hpp">
      <Filter>Header Files</Filter>
    </ClInclude>
    <ClInclude Include="RegisterScreen.hpp">
      <Filter>Header Files</Filter>
    </ClInclude>
    <ClInclude Include="HomeScreen.hpp">
      <Filter>Header Files</Filter>
    </ClInclude>
    <ClInclude Include="ProfileScreen.hpp">
      <Filter>Header Files</Filter>
    </ClInclude>
    <ClInclude Include="GameScreen.hpp">
      <Filter>Header Files</Filter>
    </ClInclude>
    <ClInclude Include="GameTypeScreen.hpp">
      <Filter>Header Files</Filter>
    </ClInclude>
    <ClInclude Include="UIElement.hpp">
      <Filter>Header Files</Filter>
    </ClInclude>
    <ClInclude Include="InputManager.hpp">
      <Filter>Header Files</Filter>
    </ClInclude>
    <ClInclude Include="TextBox.hpp">
      <Filter>Header Files</Filter>
    </ClInclude>
    <ClInclude Include="TextInput.hpp">
      <Filter>Header Files</Filter>
    </ClInclude>
    <ClInclude Include="ScreenManager.hpp">
      <Filter>Header Files</Filter>
    </ClInclude>
    <ClInclude Include="Section.hpp">
      <Filter>Header Files</Filter>
    </ClInclude>
    <ClInclude Include="Selectable.hpp">
      <Filter>Header Files</Filter>
    </ClInclude>
    <ClInclude Include="BlockHandler.hpp">
      <Filter>Header Files</Filter>
    </ClInclude>
    <ClInclude Include="CursorHandler.hpp">
      <Filter>Header Files</Filter>
    </ClInclude>
    <ClInclude Include="sqlite3.h">
      <Filter>Header Files</Filter>
    </ClInclude>
    <ClInclude Include="ClientManager.h">
      <Filter>Header Files</Filter>
    </ClInclude>
    <ClInclude Include="SoundManager.h">
      <Filter>Header Files</Filter>
    </ClInclude>
    <ClInclude Include="ResultScreen.hpp">
      <Filter>Header Files</Filter>
    </ClInclude>
    <ClInclude Include="OfflineHomeScreen.hpp">
      <Filter>Header Files</Filter>
    </ClInclude>
    <ClInclude Include="OfflineResultScreen.hpp">
      <Filter>Header Files</Filter>
    </ClInclude>
    <ClInclude Include="OfflineGameTypeScreen.hpp">
      <Filter>Header Files</Filter>
    </ClInclude>
    <ClInclude Include="CloseScreen.hpp">
      <Filter>Header Files</Filter>
    </ClInclude>
    <ClInclude Include="OfflineCloseScreen.hpp">
      <Filter>Header Files</Filter>
    </ClInclude>
    <ClInclude Include="MultiplayerScreen.hpp">
      <Filter>Header Files</Filter>
    </ClInclude>
    <ClInclude Include="..\SharedCode\UserInfo.h">
      <Filter>Header Files</Filter>
    </ClInclude>
    <ClInclude Include="ClientMessages.hpp">
      <Filter>Header Files</Filter>
    </ClInclude>
    <ClInclude Include="..\SharedCode\MessageType.h">
      <Filter>Header Files</Filter>
    </ClInclude>
    <ClInclude Include="..\SharedCode\GameLogic.hpp">
      <Filter>Header Files</Filter>
    </ClInclude>
    <ClInclude Include="..\SharedCode\GameStateObject.hpp">
      <Filter>Header Files</Filter>
    </ClInclude>
    <ClInclude Include="NetworkedSinglePlayer.h">
      <Filter>Header Files</Filter>
    </ClInclude>
    <ClInclude Include="BlockMeteor.hpp">
      <Filter>Header Files</Filter>
    </ClInclude>
    <ClInclude Include="BlockShowerManager.hpp">
      <Filter>Header Files</Filter>
    </ClInclude>
    <ClInclude Include="..\SharedCode\GameTimedEvent.h">
      <Filter>Header Files</Filter>
    </ClInclude>
    <ClInclude Include="Fade.hpp">
      <Filter>Header Files</Filter>
    </ClInclude>
    <ClInclude Include="AnimationManager.hpp">
      <Filter>Header Files</Filter>
    </ClInclude>
    <ClInclude Include="QueueScreen.hpp">
      <Filter>Header Files</Filter>
    </ClInclude>
    <ClInclude Include="..\SharedCode\TimedPiece.h">
      <Filter>Header Files</Filter>
    </ClInclude>
  </ItemGroup>
  <ItemGroup>
    <ClCompile Include="Button.cpp">
      <Filter>Source Files</Filter>
    </ClCompile>
    <ClCompile Include="Game.cpp">
      <Filter>Source Files</Filter>
    </ClCompile>
    <ClCompile Include="GraphicsManager.cpp">
      <Filter>Source Files</Filter>
    </ClCompile>
    <ClCompile Include="LoginScreen.cpp">
      <Filter>Source Files</Filter>
    </ClCompile>
    <ClCompile Include="Main.cpp">
      <Filter>Source Files</Filter>
    </ClCompile>
    <ClCompile Include="RegisterScreen.cpp">
      <Filter>Source Files</Filter>
    </ClCompile>
    <ClCompile Include="ScreenManager.cpp">
      <Filter>Source Files</Filter>
    </ClCompile>
    <ClCompile Include="HomeScreen.cpp">
      <Filter>Source Files</Filter>
    </ClCompile>
    <ClCompile Include="ProfileScreen.cpp">
      <Filter>Source Files</Filter>
    </ClCompile>
    <ClCompile Include="GameTypeScreen.cpp">
      <Filter>Source Files</Filter>
    </ClCompile>
    <ClCompile Include="GameScreen.cpp">
      <Filter>Source Files</Filter>
    </ClCompile>
    <ClCompile Include="InputManager.cpp">
      <Filter>Source Files</Filter>
    </ClCompile>
    <ClCompile Include="TextBox.cpp">
      <Filter>Source Files</Filter>
    </ClCompile>
    <ClCompile Include="TextInput.cpp">
      <Filter>Source Files</Filter>
    </ClCompile>
    <ClCompile Include="Section.cpp">
      <Filter>Source Files</Filter>
    </ClCompile>
    <ClCompile Include="BlockHandler.cpp">
      <Filter>Source Files</Filter>
    </ClCompile>
    <ClCompile Include="CursorHandler.cpp">
      <Filter>Source Files</Filter>
    </ClCompile>
    <ClCompile Include="sqlite3.c">
      <Filter>Source Files</Filter>
    </ClCompile>
    <ClCompile Include="ClientManager.cpp">
      <Filter>Source Files</Filter>
    </ClCompile>
    <ClCompile Include="SoundManager.cpp">
      <Filter>Source Files</Filter>
    </ClCompile>
    <ClCompile Include="ResultScreen.cpp">
      <Filter>Source Files</Filter>
    </ClCompile>
    <ClCompile Include="OfflineHomeScreen.cpp">
      <Filter>Source Files</Filter>
    </ClCompile>
    <ClCompile Include="Screen.cpp">
      <Filter>Source Files</Filter>
    </ClCompile>
    <ClCompile Include="OfflineResultScreen.cpp">
      <Filter>Source Files</Filter>
    </ClCompile>
    <ClCompile Include="OfflineGameTypeScreen.cpp">
      <Filter>Source Files</Filter>
    </ClCompile>
    <ClCompile Include="CloseScreen.cpp">
      <Filter>Source Files</Filter>
    </ClCompile>
    <ClCompile Include="OfflineCloseScreen.cpp">
      <Filter>Source Files</Filter>
    </ClCompile>
    <ClCompile Include="MultiplayerScreen.cpp">
      <Filter>Source Files</Filter>
    </ClCompile>
    <ClCompile Include="..\SharedCode\UserInfo.cpp">
      <Filter>Source Files</Filter>
    </ClCompile>
    <ClCompile Include="ClientMessages.cpp">
      <Filter>Source Files</Filter>
    </ClCompile>
    <ClCompile Include="..\SharedCode\GameLogic.cpp">
      <Filter>Source Files</Filter>
    </ClCompile>
    <ClCompile Include="..\SharedCode\GameStateObject.cpp">
      <Filter>Source Files</Filter>
    </ClCompile>
    <ClCompile Include="NetworkedSinglePlayer.cpp">
      <Filter>Source Files</Filter>
    </ClCompile>
    <ClCompile Include="BlockShowerManager.cpp">
      <Filter>Source Files</Filter>
    </ClCompile>
    <ClCompile Include="BlockMeteor.cpp">
      <Filter>Source Files</Filter>
    </ClCompile>
    <ClCompile Include="Fade.cpp">
      <Filter>Source Files</Filter>
    </ClCompile>
    <ClCompile Include="AnimationManager.cpp">
      <Filter>Source Files</Filter>
    </ClCompile>
    <ClCompile Include="QueueScreen.cpp">
      <Filter>Source Files</Filter>
    </ClCompile>
  </ItemGroup>
</Project>