
Microsoft Visual Studio Solution File, Format Version 12.00
# Visual Studio 2013
VisualStudioVersion = 12.0.31101.0
MinimumVisualStudioVersion = 10.0.40219.1
Project("{8BC9CEB8-8B4A-11D0-8D11-00A0C91BC942}") = "BlockBuddies", "BlockBuddies\BlockBuddies.vcxproj", "{F14A11ED-47D0-456F-A7B6-EF3BA7657776}"
EndProject
Project("{8BC9CEB8-8B4A-11D0-8D11-00A0C91BC942}") = "BlockBuddiesServer", "BlockBuddiesServer\BlockBuddiesServer.vcxproj", "{BCEC204E-3F63-4CFD-AE08-E5D1EA65F285}"
EndProject
Global
	GlobalSection(SolutionConfigurationPlatforms) = preSolution
		Debug|Win32 = Debug|Win32
		Release|Win32 = Release|Win32
	EndGlobalSection
	GlobalSection(ProjectConfigurationPlatforms) = postSolution
		{F14A11ED-47D0-456F-A7B6-EF3BA7657776}.Debug|Win32.ActiveCfg = Debug|Win32
		{F14A11ED-47D0-456F-A7B6-EF3BA7657776}.Debug|Win32.Build.0 = Debug|Win32
		{F14A11ED-47D0-456F-A7B6-EF3BA7657776}.Release|Win32.ActiveCfg = Release|Win32
		{F14A11ED-47D0-456F-A7B6-EF3BA7657776}.Release|Win32.Build.0 = Release|Win32
		{BCEC204E-3F63-4CFD-AE08-E5D1EA65F285}.Debug|Win32.ActiveCfg = Debug|Win32
		{BCEC204E-3F63-4CFD-AE08-E5D1EA65F285}.Debug|Win32.Build.0 = Debug|Win32
		{BCEC204E-3F63-4CFD-AE08-E5D1EA65F285}.Release|Win32.ActiveCfg = Release|Win32
		{BCEC204E-3F63-4CFD-AE08-E5D1EA65F285}.Release|Win32.Build.0 = Release|Win32
	EndGlobalSection
	GlobalSection(SolutionProperties) = preSolution
		HideSolutionNode = FALSE
	EndGlobalSection
EndGlobal
